
Microsoft Visual Studio Solution File, Format Version 12.00
# Visual Studio Version 17
VisualStudioVersion = 17.3.32922.545
MinimumVisualStudioVersion = 10.0.40219.1
Project("{FAE04EC0-301F-11D3-BF4B-00C04F79EFBC}") = "RH.Editor.de.texto", "RH.Editor.de.texto\RH.Editor.de.texto.csproj", "{2C07153A-803B-40B2-B4A0-86401C21B6C6}"
EndProject
Global
	GlobalSection(SolutionConfigurationPlatforms) = preSolution
		Debug|Any CPU = Debug|Any CPU
		Release|Any CPU = Release|Any CPU
	EndGlobalSection
	GlobalSection(ProjectConfigurationPlatforms) = postSolution
		{2C07153A-803B-40B2-B4A0-86401C21B6C6}.Debug|Any CPU.ActiveCfg = Debug|Any CPU
		{2C07153A-803B-40B2-B4A0-86401C21B6C6}.Debug|Any CPU.Build.0 = Debug|Any CPU
		{2C07153A-803B-40B2-B4A0-86401C21B6C6}.Release|Any CPU.ActiveCfg = Release|Any CPU
		{2C07153A-803B-40B2-B4A0-86401C21B6C6}.Release|Any CPU.Build.0 = Release|Any CPU
	EndGlobalSection
	GlobalSection(SolutionProperties) = preSolution
		HideSolutionNode = FALSE
	EndGlobalSection
	GlobalSection(ExtensibilityGlobals) = postSolution
		SolutionGuid = {97F20B96-A3C7-445F-80F4-1DC64A7BF1D2}
	EndGlobalSection
EndGlobal
